
Microsoft Visual Studio Solution File, Format Version 12.00
# Visual Studio Version 17
VisualStudioVersion = 17.3.32901.215
MinimumVisualStudioVersion = 10.0.40219.1
Project("{FAE04EC0-301F-11D3-BF4B-00C04F79EFBC}") = "desktop-client", "desktop-client\desktop-client.csproj", "{D7424ADF-1B7E-4F8B-97B3-71FAAD48F1DB}"
EndProject
Global
	GlobalSection(SolutionConfigurationPlatforms) = preSolution
		Debug|Any CPU = Debug|Any CPU
		Release|Any CPU = Release|Any CPU
	EndGlobalSection
	GlobalSection(ProjectConfigurationPlatforms) = postSolution
		{D7424ADF-1B7E-4F8B-97B3-71FAAD48F1DB}.Debug|Any CPU.ActiveCfg = Debug|Any CPU
		{D7424ADF-1B7E-4F8B-97B3-71FAAD48F1DB}.Debug|Any CPU.Build.0 = Debug|Any CPU
		{D7424ADF-1B7E-4F8B-97B3-71FAAD48F1DB}.Release|Any CPU.ActiveCfg = Release|Any CPU
		{D7424ADF-1B7E-4F8B-97B3-71FAAD48F1DB}.Release|Any CPU.Build.0 = Release|Any CPU
	EndGlobalSection
	GlobalSection(SolutionProperties) = preSolution
		HideSolutionNode = FALSE
	EndGlobalSection
	GlobalSection(ExtensibilityGlobals) = postSolution
		SolutionGuid = {400F3E55-B500-43EB-864A-6BAD415345E6}
	EndGlobalSection
EndGlobal
